
Microsoft Visual Studio Solution File, Format Version 12.00
# Visual Studio Version 17
VisualStudioVersion = 17.2.32519.379
MinimumVisualStudioVersion = 10.0.40219.1
Project("{9A19103F-16F7-4668-BE54-9A1E7A4F7556}") = "IronSoftwareCodingTest1", "IronSoftwareCodingTest1.csproj", "{18237F7A-832E-4CC9-AAD7-B2BB22F31290}"
EndProject
Project("{9A19103F-16F7-4668-BE54-9A1E7A4F7556}") = "IronSoftwareTestPhone", "..\IronSoftwareTestPhone\IronSoftwareTestPhone.csproj", "{28CFBC62-2C91-4C66-B047-ECDDCA6F1397}"
EndProject
Global
	GlobalSection(SolutionConfigurationPlatforms) = preSolution
		Debug|Any CPU = Debug|Any CPU
		Release|Any CPU = Release|Any CPU
	EndGlobalSection
	GlobalSection(ProjectConfigurationPlatforms) = postSolution
		{18237F7A-832E-4CC9-AAD7-B2BB22F31290}.Debug|Any CPU.ActiveCfg = Debug|Any CPU
		{18237F7A-832E-4CC9-AAD7-B2BB22F31290}.Debug|Any CPU.Build.0 = Debug|Any CPU
		{18237F7A-832E-4CC9-AAD7-B2BB22F31290}.Release|Any CPU.ActiveCfg = Release|Any CPU
		{18237F7A-832E-4CC9-AAD7-B2BB22F31290}.Release|Any CPU.Build.0 = Release|Any CPU
		{28CFBC62-2C91-4C66-B047-ECDDCA6F1397}.Debug|Any CPU.ActiveCfg = Debug|Any CPU
		{28CFBC62-2C91-4C66-B047-ECDDCA6F1397}.Debug|Any CPU.Build.0 = Debug|Any CPU
		{28CFBC62-2C91-4C66-B047-ECDDCA6F1397}.Release|Any CPU.ActiveCfg = Release|Any CPU
		{28CFBC62-2C91-4C66-B047-ECDDCA6F1397}.Release|Any CPU.Build.0 = Release|Any CPU
	EndGlobalSection
	GlobalSection(SolutionProperties) = preSolution
		HideSolutionNode = FALSE
	EndGlobalSection
	GlobalSection(ExtensibilityGlobals) = postSolution
		SolutionGuid = {48B12DA2-38D3-4214-BBAA-806CF8F7859D}
	EndGlobalSection
EndGlobal
